{
  "nodes": {
    "nixpkgs": {
      "locked": {
        "lastModified": 1663368971,
        "narHash": "sha256-vYspG3uX/e1j9tt8erYF8esWDJRz9nuBHesc/ZUWgAU=",
        "owner": "NixOS",
        "repo": "nixpkgs",
        "rev": "d529e6962d22d13e28439c67adbf1ef7381f7143",
        "type": "github"
      },
      "original": {
        "id": "nixpkgs",
        "rev": "d529e6962d22d13e28439c67adbf1ef7381f7143",
        "type": "indirect"
      }
    },
    "root": {
      "inputs": {
        "nixpkgs": "nixpkgs"
      }
    }
  },
  "root": "root",
  "version": 7
}
